
Microsoft Visual Studio Solution File, Format Version 12.00
# Visual Studio Version 17
VisualStudioVersion = 17.9.34701.34
MinimumVisualStudioVersion = 10.0.40219.1
Project("{FAE04EC0-301F-11D3-BF4B-00C04F79EFBC}") = "OOP Assignment 2", "OOP Assignment 2\OOP Assignment 2.csproj", "{DA366B5A-29F8-4E62-BF3A-D3179AB7315B}"
EndProject
Global
	GlobalSection(SolutionConfigurationPlatforms) = preSolution
		Debug|Any CPU = Debug|Any CPU
		Release|Any CPU = Release|Any CPU
	EndGlobalSection
	GlobalSection(ProjectConfigurationPlatforms) = postSolution
		{DA366B5A-29F8-4E62-BF3A-D3179AB7315B}.Debug|Any CPU.ActiveCfg = Debug|Any CPU
		{DA366B5A-29F8-4E62-BF3A-D3179AB7315B}.Debug|Any CPU.Build.0 = Debug|Any CPU
		{DA366B5A-29F8-4E62-BF3A-D3179AB7315B}.Release|Any CPU.ActiveCfg = Release|Any CPU
		{DA366B5A-29F8-4E62-BF3A-D3179AB7315B}.Release|Any CPU.Build.0 = Release|Any CPU
	EndGlobalSection
	GlobalSection(SolutionProperties) = preSolution
		HideSolutionNode = FALSE
	EndGlobalSection
	GlobalSection(ExtensibilityGlobals) = postSolution
		SolutionGuid = {AD884ED4-65B0-4D76-A8F2-CB29101351D4}
	EndGlobalSection
EndGlobal
